# @generated - this file is auto-generated by `mise lock` https://mise.jdx.dev/dev-tools/mise-lock.html

[[tools."github:nextest-rs/nextest"]]
version = "cargo-nextest-0.9.140"
backend = "github:nextest-rs/nextest"

[tools."github:nextest-rs/nextest"."platforms.linux-arm64"]
checksum = "sha256:8b3f4d4560b6b0f83774fecc6be07e47716dbad0eb0bb6c3890f478f4affe4b6"
url = "https://github.com/nextest-rs/nextest/releases/download/cargo-nextest-0.9.140/cargo-nextest-0.9.140-aarch64-unknown-linux-gnu.tar.gz"
url_api = "https://api.github.com/repos/nextest-rs/nextest/releases/assets/467464894"
provenance = "github-attestations"

[tools."github:nextest-rs/nextest"."platforms.linux-arm64-musl"]
checksum = "sha256:81fe08bda065ae74fa9092c444d797c31e12c245080bfb9f4dc207e21def4b98"
url = "https://github.com/nextest-rs/nextest/releases/download/cargo-nextest-0.9.140/cargo-nextest-0.9.140-aarch64-unknown-linux-musl.tar.gz"
url_api = "https://api.github.com/repos/nextest-rs/nextest/releases/assets/467465128"
provenance = "github-attestations"

[tools."github:nextest-rs/nextest"."platforms.linux-x64"]
checksum = "sha256:4ee9aaa0d0171a985a5d0eb735b87355894c1c455972e9674fb9fdbd1387c9a3"
url = "https://github.com/nextest-rs/nextest/releases/download/cargo-nextest-0.9.140/cargo-nextest-0.9.140-x86_64-unknown-linux-gnu.tar.gz"
url_api = "https://api.github.com/repos/nextest-rs/nextest/releases/assets/467470185"
provenance = "github-attestations"

[tools."github:nextest-rs/nextest"."platforms.linux-x64-musl"]
checksum = "sha256:bc2a998567816eef7b087b920036f49fb89aa2a8a603f6a3d84098be160b62c5"
url = "https://github.com/nextest-rs/nextest/releases/download/cargo-nextest-0.9.140/cargo-nextest-0.9.140-x86_64-unknown-linux-musl.tar.gz"
url_api = "https://api.github.com/repos/nextest-rs/nextest/releases/assets/467467089"
provenance = "github-attestations"

[tools."github:nextest-rs/nextest"."platforms.macos-arm64"]
checksum = "sha256:58e0a722f9444078fab447783f322acf15a2a771ba785b3fbbe8bacda31c3df9"
url = "https://github.com/nextest-rs/nextest/releases/download/cargo-nextest-0.9.140/cargo-nextest-0.9.140-universal-apple-darwin.tar.gz"
url_api = "https://api.github.com/repos/nextest-rs/nextest/releases/assets/467468113"
provenance = "github-attestations"

[tools."github:nextest-rs/nextest"."platforms.macos-x64"]
checksum = "sha256:58e0a722f9444078fab447783f322acf15a2a771ba785b3fbbe8bacda31c3df9"
url = "https://github.com/nextest-rs/nextest/releases/download/cargo-nextest-0.9.140/cargo-nextest-0.9.140-universal-apple-darwin.tar.gz"
url_api = "https://api.github.com/repos/nextest-rs/nextest/releases/assets/467468113"
provenance = "github-attestations"

[tools."github:nextest-rs/nextest"."platforms.windows-x64"]
checksum = "sha256:ec39698dfe5bcfffb7d5da037f226bc1670584ba247123f4e684a0f224fe828d"
url = "https://github.com/nextest-rs/nextest/releases/download/cargo-nextest-0.9.140/cargo-nextest-0.9.140-x86_64-pc-windows-msvc.zip"
url_api = "https://api.github.com/repos/nextest-rs/nextest/releases/assets/467472279"
provenance = "github-attestations"

[[tools."github:rustsec/rustsec"]]
version = "cargo-audit/v0.22.2"
backend = "github:rustsec/rustsec"

[tools."github:rustsec/rustsec"."platforms.linux-arm64"]
checksum = "sha256:c6603814ddaa45e51263dafd31c0ac98808f688d26f7395804f9670b0fd599dd"
url = "https://github.com/rustsec/rustsec/releases/download/cargo-audit/v0.22.2/cargo-audit-aarch64-unknown-linux-gnu-v0.22.2.tgz"
url_api = "https://api.github.com/repos/rustsec/rustsec/releases/assets/439292355"

[tools."github:rustsec/rustsec"."platforms.linux-arm64-musl"]
checksum = "sha256:c6603814ddaa45e51263dafd31c0ac98808f688d26f7395804f9670b0fd599dd"
url = "https://github.com/rustsec/rustsec/releases/download/cargo-audit/v0.22.2/cargo-audit-aarch64-unknown-linux-gnu-v0.22.2.tgz"
url_api = "https://api.github.com/repos/rustsec/rustsec/releases/assets/439292355"

[tools."github:rustsec/rustsec"."platforms.linux-x64"]
checksum = "sha256:ab28a1bdb54db4d5d8ad5981cf1f959410370b3d28250dbd35f6a44248620e39"
url = "https://github.com/rustsec/rustsec/releases/download/cargo-audit/v0.22.2/cargo-audit-x86_64-unknown-linux-gnu-v0.22.2.tgz"
url_api = "https://api.github.com/repos/rustsec/rustsec/releases/assets/439291614"

[tools."github:rustsec/rustsec"."platforms.linux-x64-musl"]
checksum = "sha256:7fb9497f8594b389e5fce5ef9b92db08432996895b2e0c5a0167a69ed445c428"
url = "https://github.com/rustsec/rustsec/releases/download/cargo-audit/v0.22.2/cargo-audit-x86_64-unknown-linux-musl-v0.22.2.tgz"
url_api = "https://api.github.com/repos/rustsec/rustsec/releases/assets/439292222"

[tools."github:rustsec/rustsec"."platforms.macos-arm64"]
checksum = "sha256:ec7ca4263769593df4d909be85b94a6b79efa2897be5d2bb8ebd516e823175af"
url = "https://github.com/rustsec/rustsec/releases/download/cargo-audit/v0.22.2/cargo-audit-aarch64-apple-darwin-v0.22.2.tgz"
url_api = "https://api.github.com/repos/rustsec/rustsec/releases/assets/439291477"

[tools."github:rustsec/rustsec"."platforms.macos-x64"]
checksum = "sha256:847831323de932155b226ab60ee4a180e13e5d007a019f0d4b7b4d89a6de2ab2"
url = "https://github.com/rustsec/rustsec/releases/download/cargo-audit/v0.22.2/cargo-audit-x86_64-apple-darwin-v0.22.2.tgz"
url_api = "https://api.github.com/repos/rustsec/rustsec/releases/assets/439292734"

[tools."github:rustsec/rustsec"."platforms.windows-x64"]
checksum = "sha256:0a7316540862c13d954f648917ceacca593747baed6eec180fafa590be2710ab"
url = "https://github.com/rustsec/rustsec/releases/download/cargo-audit/v0.22.2/cargo-audit-x86_64-pc-windows-msvc-v0.22.2.zip"
url_api = "https://api.github.com/repos/rustsec/rustsec/releases/assets/439294720"

[[tools.rust]]
version = "1.97.1"
backend = "core:rust"

[tools.rust.options]
components = "clippy,rustfmt"
profile = "minimal"
